{
  "name": "stockbot",
  "version": "1.0.0",
  "lockfileVersion": 1,
  "requires": true,
  "dependencies": {
    "@types/node": {
      "version": "12.0.2",
      "resolved": "https://registry.npmjs.org/@types/node/-/node-12.0.2.tgz",
      "integrity": "sha512-5tabW/i+9mhrfEOUcLDu2xBPsHJ+X5Orqy9FKpale3SjDA17j5AEpYq5vfy3oAeAHGcvANRCO3NV3d2D6q3NiA=="
    },
    "axios": {
      "version": "0.18.0",
      "resolved": "https://registry.npmjs.org/axios/-/axios-0.18.0.tgz",
      "integrity": "sha1-MtU+SFHv3AoRmTts0AB4nXDAUQI=",
      "requires": {
        "follow-redirects": "^1.3.0",
        "is-buffer": "^1.1.5"
      }
    },
    "core-js": {
      "version": "3.1.2",
      "resolved": "https://registry.npmjs.org/core-js/-/core-js-3.1.2.tgz",
      "integrity": "sha512-3poRGjbu56leCtZCZCzCgQ7GcKOflDFnjWIepaPFUsM0IXUBrne10sl3aa2Bkcz3+FjRdIxBe9dAMhIJmEnQNA=="
    },
    "debug": {
      "version": "3.2.6",
      "resolved": "https://registry.npmjs.org/debug/-/debug-3.2.6.tgz",
      "integrity": "sha512-mel+jf7nrtEl5Pn1Qx46zARXKDpBbvzezse7p7LqINmdoIk8PYP5SySaxEmYv6TZ0JyEKA1hsCId6DIhgITtWQ==",
      "requires": {
        "ms": "^2.1.1"
      }
    },
    "eventemitter3": {
      "version": "2.0.3",
      "resolved": "https://registry.npmjs.org/eventemitter3/-/eventemitter3-2.0.3.tgz",
      "integrity": "sha1-teEHm1n7XhuidxwKmTvgYKWMmbo="
    },
    "follow-redirects": {
      "version": "1.7.0",
      "resolved": "https://registry.npmjs.org/follow-redirects/-/follow-redirects-1.7.0.tgz",
      "integrity": "sha512-m/pZQy4Gj287eNy94nivy5wchN3Kp+Q5WgUPNy5lJSZ3sgkVKSYV/ZChMAQVIgx1SqfZ2zBZtPA2YlXIWxxJOQ==",
      "requires": {
        "debug": "^3.2.6"
      }
    },
    "he": {
      "version": "1.2.0",
      "resolved": "https://registry.npmjs.org/he/-/he-1.2.0.tgz",
      "integrity": "sha512-F/1DnUGPopORZi0ni+CvrCgHQ5FyEAHRLSApuYWMmrbSwoN2Mn/7k+Gl38gJnR7yyDZk6WLXwiGod1JOWNDKGw=="
    },
    "iconv-lite": {
      "version": "0.4.24",
      "resolved": "https://registry.npmjs.org/iconv-lite/-/iconv-lite-0.4.24.tgz",
      "integrity": "sha512-v3MXnZAcvnywkTUEZomIActle7RXXeedOR31wwl7VlyoXO4Qi9arvSenNQWne1TcRwhCL1HwLI21bEqdpj8/rA==",
      "requires": {
        "safer-buffer": ">= 2.1.2 < 3"
      }
    },
    "ipaddr.js": {
      "version": "0.1.3",
      "resolved": "https://registry.npmjs.org/ipaddr.js/-/ipaddr.js-0.1.3.tgz",
      "integrity": "sha1-J6nKN/FI0hArDvGRzL8sUajwJcY="
    },
    "irc-colors": {
      "version": "1.5.0",
      "resolved": "https://registry.npmjs.org/irc-colors/-/irc-colors-1.5.0.tgz",
      "integrity": "sha512-HtszKchBQTcqw1DC09uD7i7vvMayHGM1OCo6AHt5pkgZEyo99ClhHTMJdf+Ezc9ovuNNxcH89QfyclGthjZJOw=="
    },
    "irc-framework": {
      "version": "4.3.0",
      "resolved": "https://registry.npmjs.org/irc-framework/-/irc-framework-4.3.0.tgz",
      "integrity": "sha512-ccitUr+c3/8doPhjY+53spnEWXtGVjvaAI2f6SfFQBvUBQ1oY7jzEkS3+NXRpOfxHORY/uQLyAiFpmyMqLXpuA==",
      "requires": {
        "core-js": "^3.0.1",
        "eventemitter3": "^2.0.2",
        "iconv-lite": "^0.4.24",
        "lodash": "^4.17.11",
        "middleware-handler": "^0.2.0",
        "runes": "github:kiwiirc/runes",
        "socksjs": "^0.5.0"
      }
    },
    "is-buffer": {
      "version": "1.1.6",
      "resolved": "https://registry.npmjs.org/is-buffer/-/is-buffer-1.1.6.tgz",
      "integrity": "sha512-NcdALwpXkTm5Zvvbk7owOUSvVvBKDgKP5/ewfXEznmQFfs4ZRmanOeKBTjRVjka3QFoN6XJ+9F3USqfHqTaU5w=="
    },
    "lodash": {
      "version": "4.17.11",
      "resolved": "https://registry.npmjs.org/lodash/-/lodash-4.17.11.tgz",
      "integrity": "sha512-cQKh8igo5QUhZ7lg38DYWAxMvjSAKG0A8wGSVimP07SIUEK2UO+arSRKbRZWtelMtN5V0Hkwh5ryOto/SshYIg=="
    },
    "middleware-handler": {
      "version": "0.2.0",
      "resolved": "https://registry.npmjs.org/middleware-handler/-/middleware-handler-0.2.0.tgz",
      "integrity": "sha1-vwKvfmtXfAIwYJsq5Y3w5Ebz/QI="
    },
    "ms": {
      "version": "2.1.1",
      "resolved": "https://registry.npmjs.org/ms/-/ms-2.1.1.tgz",
      "integrity": "sha512-tgp+dl5cGk28utYktBsrFqA7HKgrhgPsg6Z/EfhWI4gl1Hwq8B/GmY/0oXZ6nF8hDVesS/FpnYaD/kOWhYQvyg=="
    },
    "runes": {
      "version": "github:kiwiirc/runes#a8d7f76408f38749cfec9dec7c7a1430300f2645",
      "from": "github:kiwiirc/runes"
    },
    "safer-buffer": {
      "version": "2.1.2",
      "resolved": "https://registry.npmjs.org/safer-buffer/-/safer-buffer-2.1.2.tgz",
      "integrity": "sha512-YZo3K82SD7Riyi0E1EQPojLz7kpepnSQI9IyPbHHg1XXXevb5dJI7tpyN2ADxGcQbHG7vcyRHk0cbwqcQriUtg=="
    },
    "socksjs": {
      "version": "0.5.0",
      "resolved": "https://registry.npmjs.org/socksjs/-/socksjs-0.5.0.tgz",
      "integrity": "sha1-d7AF4y0b/JblYP7dXX7tzxIPh+M=",
      "requires": {
        "ipaddr.js": "0.1.3"
      }
    }
  }
}
